
Microsoft Visual Studio Solution File, Format Version 12.00
# Visual Studio Version 17
VisualStudioVersion = 17.5.002.0
MinimumVisualStudioVersion = 10.0.40219.1
Project("{9A19103F-16F7-4668-BE54-9A1E7A4F7556}") = "TemplatingEngines", "TemplatingEngines.csproj", "{A9B8602D-0059-40D8-BED6-C480C4A1C277}"
EndProject
Global
	GlobalSection(SolutionConfigurationPlatforms) = preSolution
		Debug|Any CPU = Debug|Any CPU
		Release|Any CPU = Release|Any CPU
	EndGlobalSection
	GlobalSection(ProjectConfigurationPlatforms) = postSolution
		{A9B8602D-0059-40D8-BED6-C480C4A1C277}.Debug|Any CPU.ActiveCfg = Debug|Any CPU
		{A9B8602D-0059-40D8-BED6-C480C4A1C277}.Debug|Any CPU.Build.0 = Debug|Any CPU
		{A9B8602D-0059-40D8-BED6-C480C4A1C277}.Release|Any CPU.ActiveCfg = Release|Any CPU
		{A9B8602D-0059-40D8-BED6-C480C4A1C277}.Release|Any CPU.Build.0 = Release|Any CPU
	EndGlobalSection
	GlobalSection(SolutionProperties) = preSolution
		HideSolutionNode = FALSE
	EndGlobalSection
	GlobalSection(ExtensibilityGlobals) = postSolution
		SolutionGuid = {2422A8D1-8F98-4156-A64E-7E931F02B167}
	EndGlobalSection
EndGlobal
